
Microsoft Visual Studio Solution File, Format Version 12.00
# Visual Studio Version 17
VisualStudioVersion = 17.0.31903.59
MinimumVisualStudioVersion = 10.0.40219.1
Project("{FAE04EC0-301F-11D3-BF4B-00C04F79EFBC}") = "BinarySearch", "BinarySearch\BinarySearch.csproj", "{0B3D02E8-658E-4794-BF19-36B511F3EE65}"
EndProject
Project("{FAE04EC0-301F-11D3-BF4B-00C04F79EFBC}") = "MergeSort", "MergeSort\MergeSort.csproj", "{EFF555EE-3D40-4159-8C15-F810E5DE6152}"
EndProject
Project("{FAE04EC0-301F-11D3-BF4B-00C04F79EFBC}") = "RunningSum", "RunningSum\RunningSum.csproj", "{98B35289-040C-4308-83AF-BC07D8112C5B}"
EndProject
Project("{FAE04EC0-301F-11D3-BF4B-00C04F79EFBC}") = "MaximumWealth", "MaximumWealth\MaximumWealth.csproj", "{AD51702B-E9F0-47BA-A9A7-3DCD22228693}"
EndProject
Project("{FAE04EC0-301F-11D3-BF4B-00C04F79EFBC}") = "FizzBuzz", "FizzBuzz\FizzBuzz.csproj", "{B798B749-7862-48F7-8D52-20B8D60131DC}"
EndProject
Project("{FAE04EC0-301F-11D3-BF4B-00C04F79EFBC}") = "StepsToReduceZero", "StepsToReduceZero\StepsToReduceZero.csproj", "{FBA88004-7A0C-411A-A64B-A8800887DD6D}"
EndProject
Project("{FAE04EC0-301F-11D3-BF4B-00C04F79EFBC}") = "MiddleNode", "MiddleNode\MiddleNode.csproj", "{864A2A3D-B460-433B-BB0F-C62DE33AA162}"
EndProject
Global
	GlobalSection(SolutionConfigurationPlatforms) = preSolution
		Debug|Any CPU = Debug|Any CPU
		Release|Any CPU = Release|Any CPU
	EndGlobalSection
	GlobalSection(SolutionProperties) = preSolution
		HideSolutionNode = FALSE
	EndGlobalSection
	GlobalSection(ProjectConfigurationPlatforms) = postSolution
		{0B3D02E8-658E-4794-BF19-36B511F3EE65}.Debug|Any CPU.ActiveCfg = Debug|Any CPU
		{0B3D02E8-658E-4794-BF19-36B511F3EE65}.Debug|Any CPU.Build.0 = Debug|Any CPU
		{0B3D02E8-658E-4794-BF19-36B511F3EE65}.Release|Any CPU.ActiveCfg = Release|Any CPU
		{0B3D02E8-658E-4794-BF19-36B511F3EE65}.Release|Any CPU.Build.0 = Release|Any CPU
		{EFF555EE-3D40-4159-8C15-F810E5DE6152}.Debug|Any CPU.ActiveCfg = Debug|Any CPU
		{EFF555EE-3D40-4159-8C15-F810E5DE6152}.Debug|Any CPU.Build.0 = Debug|Any CPU
		{EFF555EE-3D40-4159-8C15-F810E5DE6152}.Release|Any CPU.ActiveCfg = Release|Any CPU
		{EFF555EE-3D40-4159-8C15-F810E5DE6152}.Release|Any CPU.Build.0 = Release|Any CPU
		{98B35289-040C-4308-83AF-BC07D8112C5B}.Debug|Any CPU.ActiveCfg = Debug|Any CPU
		{98B35289-040C-4308-83AF-BC07D8112C5B}.Debug|Any CPU.Build.0 = Debug|Any CPU
		{98B35289-040C-4308-83AF-BC07D8112C5B}.Release|Any CPU.ActiveCfg = Release|Any CPU
		{98B35289-040C-4308-83AF-BC07D8112C5B}.Release|Any CPU.Build.0 = Release|Any CPU
		{AD51702B-E9F0-47BA-A9A7-3DCD22228693}.Debug|Any CPU.ActiveCfg = Debug|Any CPU
		{AD51702B-E9F0-47BA-A9A7-3DCD22228693}.Debug|Any CPU.Build.0 = Debug|Any CPU
		{AD51702B-E9F0-47BA-A9A7-3DCD22228693}.Release|Any CPU.ActiveCfg = Release|Any CPU
		{AD51702B-E9F0-47BA-A9A7-3DCD22228693}.Release|Any CPU.Build.0 = Release|Any CPU
		{B798B749-7862-48F7-8D52-20B8D60131DC}.Debug|Any CPU.ActiveCfg = Debug|Any CPU
		{B798B749-7862-48F7-8D52-20B8D60131DC}.Debug|Any CPU.Build.0 = Debug|Any CPU
		{B798B749-7862-48F7-8D52-20B8D60131DC}.Release|Any CPU.ActiveCfg = Release|Any CPU
		{B798B749-7862-48F7-8D52-20B8D60131DC}.Release|Any CPU.Build.0 = Release|Any CPU
		{FBA88004-7A0C-411A-A64B-A8800887DD6D}.Debug|Any CPU.ActiveCfg = Debug|Any CPU
		{FBA88004-7A0C-411A-A64B-A8800887DD6D}.Debug|Any CPU.Build.0 = Debug|Any CPU
		{FBA88004-7A0C-411A-A64B-A8800887DD6D}.Release|Any CPU.ActiveCfg = Release|Any CPU
		{FBA88004-7A0C-411A-A64B-A8800887DD6D}.Release|Any CPU.Build.0 = Release|Any CPU
		{864A2A3D-B460-433B-BB0F-C62DE33AA162}.Debug|Any CPU.ActiveCfg = Debug|Any CPU
		{864A2A3D-B460-433B-BB0F-C62DE33AA162}.Debug|Any CPU.Build.0 = Debug|Any CPU
		{864A2A3D-B460-433B-BB0F-C62DE33AA162}.Release|Any CPU.ActiveCfg = Release|Any CPU
		{864A2A3D-B460-433B-BB0F-C62DE33AA162}.Release|Any CPU.Build.0 = Release|Any CPU
	EndGlobalSection
EndGlobal
