
Microsoft Visual Studio Solution File, Format Version 12.00
# Visual Studio Version 17
VisualStudioVersion = 17.0.31903.59
MinimumVisualStudioVersion = 10.0.40219.1
Project("{FAE04EC0-301F-11D3-BF4B-00C04F79EFBC}") = "BinarySearch", "BinarySearch\BinarySearch.csproj", "{0B3D02E8-658E-4794-BF19-36B511F3EE65}"
EndProject
Project("{FAE04EC0-301F-11D3-BF4B-00C04F79EFBC}") = "MergeSort", "MergeSort\MergeSort.csproj", "{EFF555EE-3D40-4159-8C15-F810E5DE6152}"
EndProject
Project("{FAE04EC0-301F-11D3-BF4B-00C04F79EFBC}") = "RunningSum", "RunningSum\RunningSum.csproj", "{98B35289-040C-4308-83AF-BC07D8112C5B}"
EndProject
Project("{FAE04EC0-301F-11D3-BF4B-00C04F79EFBC}") = "MaximumWealth", "MaximumWealth\MaximumWealth.csproj", "{AD51702B-E9F0-47BA-A9A7-3DCD22228693}"
EndProject
Project("{FAE04EC0-301F-11D3-BF4B-00C04F79EFBC}") = "FizzBuzz", "FizzBuzz\FizzBuzz.csproj", "{B798B749-7862-48F7-8D52-20B8D60131DC}"
EndProject
Project("{FAE04EC0-301F-11D3-BF4B-00C04F79EFBC}") = "StepsToReduceZero", "StepsToReduceZero\StepsToReduceZero.csproj", "{FBA88004-7A0C-411A-A64B-A8800887DD6D}"
EndProject
Project("{FAE04EC0-301F-11D3-BF4B-00C04F79EFBC}") = "MiddleNode", "MiddleNode\MiddleNode.csproj", "{864A2A3D-B460-433B-BB0F-C62DE33AA162}"
EndProject
Project("{FAE04EC0-301F-11D3-BF4B-00C04F79EFBC}") = "CanConstruct", "CanConstruct\CanConstruct.csproj", "{F9965059-F4BC-4273-BC73-5445B76B172E}"
EndProject
Project("{FAE04EC0-301F-11D3-BF4B-00C04F79EFBC}") = "TwoSum", "TwoSum\TwoSum.csproj", "{FF4FFEF8-A28D-4635-9DAA-05C2ECA3DBAF}"
EndProject
Project("{FAE04EC0-301F-11D3-BF4B-00C04F79EFBC}") = "IsPalindrome", "IsPalindrome\IsPalindrome.csproj", "{BBC3164A-7C3D-4F73-927F-BD8AA846ED7F}"
EndProject
Project("{FAE04EC0-301F-11D3-BF4B-00C04F79EFBC}") = "RomanToInteger", "RomanToInteger\RomanToInteger.csproj", "{7F42ABC0-5200-4660-8619-37A3AE71734C}"
EndProject
Project("{FAE04EC0-301F-11D3-BF4B-00C04F79EFBC}") = "LongestCommonPrefix", "LongestCommonPrefix\LongestCommonPrefix.csproj", "{3EEF6AE5-DCCB-4D39-9A69-B2272970B855}"
EndProject
Project("{FAE04EC0-301F-11D3-BF4B-00C04F79EFBC}") = "MaxConsecutiveOnes", "MaxConsecutiveOnes\MaxConsecutiveOnes.csproj", "{AA369182-3938-4F06-A5B4-EF291FED8711}"
EndProject
Project("{FAE04EC0-301F-11D3-BF4B-00C04F79EFBC}") = "NumbersWithEvenNumberOfDigits", "NumbersWithEvenNumberOfDigits\NumbersWithEvenNumberOfDigits.csproj", "{A99FE1B2-08B1-48A7-AB1A-0C8A66C5B0B2}"
EndProject
Global
	GlobalSection(SolutionConfigurationPlatforms) = preSolution
		Debug|Any CPU = Debug|Any CPU
		Release|Any CPU = Release|Any CPU
	EndGlobalSection
	GlobalSection(SolutionProperties) = preSolution
		HideSolutionNode = FALSE
	EndGlobalSection
	GlobalSection(ProjectConfigurationPlatforms) = postSolution
		{0B3D02E8-658E-4794-BF19-36B511F3EE65}.Debug|Any CPU.ActiveCfg = Debug|Any CPU
		{0B3D02E8-658E-4794-BF19-36B511F3EE65}.Debug|Any CPU.Build.0 = Debug|Any CPU
		{0B3D02E8-658E-4794-BF19-36B511F3EE65}.Release|Any CPU.ActiveCfg = Release|Any CPU
		{0B3D02E8-658E-4794-BF19-36B511F3EE65}.Release|Any CPU.Build.0 = Release|Any CPU
		{EFF555EE-3D40-4159-8C15-F810E5DE6152}.Debug|Any CPU.ActiveCfg = Debug|Any CPU
		{EFF555EE-3D40-4159-8C15-F810E5DE6152}.Debug|Any CPU.Build.0 = Debug|Any CPU
		{EFF555EE-3D40-4159-8C15-F810E5DE6152}.Release|Any CPU.ActiveCfg = Release|Any CPU
		{EFF555EE-3D40-4159-8C15-F810E5DE6152}.Release|Any CPU.Build.0 = Release|Any CPU
		{98B35289-040C-4308-83AF-BC07D8112C5B}.Debug|Any CPU.ActiveCfg = Debug|Any CPU
		{98B35289-040C-4308-83AF-BC07D8112C5B}.Debug|Any CPU.Build.0 = Debug|Any CPU
		{98B35289-040C-4308-83AF-BC07D8112C5B}.Release|Any CPU.ActiveCfg = Release|Any CPU
		{98B35289-040C-4308-83AF-BC07D8112C5B}.Release|Any CPU.Build.0 = Release|Any CPU
		{AD51702B-E9F0-47BA-A9A7-3DCD22228693}.Debug|Any CPU.ActiveCfg = Debug|Any CPU
		{AD51702B-E9F0-47BA-A9A7-3DCD22228693}.Debug|Any CPU.Build.0 = Debug|Any CPU
		{AD51702B-E9F0-47BA-A9A7-3DCD22228693}.Release|Any CPU.ActiveCfg = Release|Any CPU
		{AD51702B-E9F0-47BA-A9A7-3DCD22228693}.Release|Any CPU.Build.0 = Release|Any CPU
		{B798B749-7862-48F7-8D52-20B8D60131DC}.Debug|Any CPU.ActiveCfg = Debug|Any CPU
		{B798B749-7862-48F7-8D52-20B8D60131DC}.Debug|Any CPU.Build.0 = Debug|Any CPU
		{B798B749-7862-48F7-8D52-20B8D60131DC}.Release|Any CPU.ActiveCfg = Release|Any CPU
		{B798B749-7862-48F7-8D52-20B8D60131DC}.Release|Any CPU.Build.0 = Release|Any CPU
		{FBA88004-7A0C-411A-A64B-A8800887DD6D}.Debug|Any CPU.ActiveCfg = Debug|Any CPU
		{FBA88004-7A0C-411A-A64B-A8800887DD6D}.Debug|Any CPU.Build.0 = Debug|Any CPU
		{FBA88004-7A0C-411A-A64B-A8800887DD6D}.Release|Any CPU.ActiveCfg = Release|Any CPU
		{FBA88004-7A0C-411A-A64B-A8800887DD6D}.Release|Any CPU.Build.0 = Release|Any CPU
		{864A2A3D-B460-433B-BB0F-C62DE33AA162}.Debug|Any CPU.ActiveCfg = Debug|Any CPU
		{864A2A3D-B460-433B-BB0F-C62DE33AA162}.Debug|Any CPU.Build.0 = Debug|Any CPU
		{864A2A3D-B460-433B-BB0F-C62DE33AA162}.Release|Any CPU.ActiveCfg = Release|Any CPU
		{864A2A3D-B460-433B-BB0F-C62DE33AA162}.Release|Any CPU.Build.0 = Release|Any CPU
		{F9965059-F4BC-4273-BC73-5445B76B172E}.Debug|Any CPU.ActiveCfg = Debug|Any CPU
		{F9965059-F4BC-4273-BC73-5445B76B172E}.Debug|Any CPU.Build.0 = Debug|Any CPU
		{F9965059-F4BC-4273-BC73-5445B76B172E}.Release|Any CPU.ActiveCfg = Release|Any CPU
		{F9965059-F4BC-4273-BC73-5445B76B172E}.Release|Any CPU.Build.0 = Release|Any CPU
		{FF4FFEF8-A28D-4635-9DAA-05C2ECA3DBAF}.Debug|Any CPU.ActiveCfg = Debug|Any CPU
		{FF4FFEF8-A28D-4635-9DAA-05C2ECA3DBAF}.Debug|Any CPU.Build.0 = Debug|Any CPU
		{FF4FFEF8-A28D-4635-9DAA-05C2ECA3DBAF}.Release|Any CPU.ActiveCfg = Release|Any CPU
		{FF4FFEF8-A28D-4635-9DAA-05C2ECA3DBAF}.Release|Any CPU.Build.0 = Release|Any CPU
		{BBC3164A-7C3D-4F73-927F-BD8AA846ED7F}.Debug|Any CPU.ActiveCfg = Debug|Any CPU
		{BBC3164A-7C3D-4F73-927F-BD8AA846ED7F}.Debug|Any CPU.Build.0 = Debug|Any CPU
		{BBC3164A-7C3D-4F73-927F-BD8AA846ED7F}.Release|Any CPU.ActiveCfg = Release|Any CPU
		{BBC3164A-7C3D-4F73-927F-BD8AA846ED7F}.Release|Any CPU.Build.0 = Release|Any CPU
		{7F42ABC0-5200-4660-8619-37A3AE71734C}.Debug|Any CPU.ActiveCfg = Debug|Any CPU
		{7F42ABC0-5200-4660-8619-37A3AE71734C}.Debug|Any CPU.Build.0 = Debug|Any CPU
		{7F42ABC0-5200-4660-8619-37A3AE71734C}.Release|Any CPU.ActiveCfg = Release|Any CPU
		{7F42ABC0-5200-4660-8619-37A3AE71734C}.Release|Any CPU.Build.0 = Release|Any CPU
		{3EEF6AE5-DCCB-4D39-9A69-B2272970B855}.Debug|Any CPU.ActiveCfg = Debug|Any CPU
		{3EEF6AE5-DCCB-4D39-9A69-B2272970B855}.Debug|Any CPU.Build.0 = Debug|Any CPU
		{3EEF6AE5-DCCB-4D39-9A69-B2272970B855}.Release|Any CPU.ActiveCfg = Release|Any CPU
		{3EEF6AE5-DCCB-4D39-9A69-B2272970B855}.Release|Any CPU.Build.0 = Release|Any CPU
		{AA369182-3938-4F06-A5B4-EF291FED8711}.Debug|Any CPU.ActiveCfg = Debug|Any CPU
		{AA369182-3938-4F06-A5B4-EF291FED8711}.Debug|Any CPU.Build.0 = Debug|Any CPU
		{AA369182-3938-4F06-A5B4-EF291FED8711}.Release|Any CPU.ActiveCfg = Release|Any CPU
		{AA369182-3938-4F06-A5B4-EF291FED8711}.Release|Any CPU.Build.0 = Release|Any CPU
		{A99FE1B2-08B1-48A7-AB1A-0C8A66C5B0B2}.Debug|Any CPU.ActiveCfg = Debug|Any CPU
		{A99FE1B2-08B1-48A7-AB1A-0C8A66C5B0B2}.Debug|Any CPU.Build.0 = Debug|Any CPU
		{A99FE1B2-08B1-48A7-AB1A-0C8A66C5B0B2}.Release|Any CPU.ActiveCfg = Release|Any CPU
		{A99FE1B2-08B1-48A7-AB1A-0C8A66C5B0B2}.Release|Any CPU.Build.0 = Release|Any CPU
	EndGlobalSection
EndGlobal
